
Microsoft Visual Studio Solution File, Format Version 12.00
# Visual Studio Version 17
VisualStudioVersion = 17.13.35919.96
MinimumVisualStudioVersion = 10.0.40219.1
Project("{8BC9CEB8-8B4A-11D0-8D11-00A0C91BC942}") = "HelloWorld", "HelloWorld\HelloWorld.vcxproj", "{1E330DFE-6062-4398-8D16-2004FD5BFF0B}"
EndProject
Project("{8BC9CEB8-8B4A-11D0-8D11-00A0C91BC942}") = "DataTypes", "DataTypes\DataTypes.vcxproj", "{38D62736-D3B7-4AE9-B963-972665C26316}"
EndProject
Project("{8BC9CEB8-8B4A-11D0-8D11-00A0C91BC942}") = "GuessingGame", "GuessingGame\GuessingGame.vcxproj", "{DA1523BE-1086-4250-A97A-98E0451103D7}"
EndProject
Project("{8BC9CEB8-8B4A-11D0-8D11-00A0C91BC942}") = "UserDataTypesImage", "UserDataTypesImage\UserDataTypesImage.vcxproj", "{74395B53-B0A8-48A9-9058-B39682CCF15A}"
EndProject
Project("{8BC9CEB8-8B4A-11D0-8D11-00A0C91BC942}") = "UserDataTypes", "UserDataTypes\UserDataTypes.vcxproj", "{B1B9CCDB-A273-45D9-8684-3C13E092601C}"
EndProject
Project("{8BC9CEB8-8B4A-11D0-8D11-00A0C91BC942}") = "MemoryReview", "MemoryReview\MemoryReview.vcxproj", "{49555C7A-A15A-4DFC-A065-E6BEAF480A72}"
EndProject
Project("{8BC9CEB8-8B4A-11D0-8D11-00A0C91BC942}") = "Containers", "Containers\Containers.vcxproj", "{F3D20B01-3637-47CD-B6E8-795D6135E1FC}"
EndProject
Project("{8BC9CEB8-8B4A-11D0-8D11-00A0C91BC942}") = "Classes", "Classes\Classes.vcxproj", "{3DC8BE4A-10A5-4D09-84B1-5E1ED975D51D}"
EndProject
Project("{8BC9CEB8-8B4A-11D0-8D11-00A0C91BC942}") = "Fail!", "Fail!\Fail!.vcxproj", "{882013B9-C1EA-4F53-BF32-D21E9DA94591}"
EndProject
Project("{8BC9CEB8-8B4A-11D0-8D11-00A0C91BC942}") = "Fractions", "Fractions\Fractions.vcxproj", "{C32811E5-EAD8-4FB0-929A-D791171D5DEC}"
EndProject
Project("{8BC9CEB8-8B4A-11D0-8D11-00A0C91BC942}") = "FinalAssignment", "FinalAssignment\FinalAssignment.vcxproj", "{AE91F0C2-2A9F-4D94-AFBE-3049C2514DEE}"
EndProject
Project("{2150E333-8FDC-42A3-9474-1A3956D46DE8}") = "Solution Items", "Solution Items", "{02EA681E-C7D8-13C7-8484-4AC65E1B71E8}"
	ProjectSection(SolutionItems) = preProject
		.editorconfig = .editorconfig
	EndProjectSection
EndProject
Project("{8BC9CEB8-8B4A-11D0-8D11-00A0C91BC942}") = "Final", "Final\Final.vcxproj", "{5CCF5A07-C080-40DD-B6A8-D47D9ED53CA0}"
EndProject
Global
	GlobalSection(SolutionConfigurationPlatforms) = preSolution
		Debug|x64 = Debug|x64
		Debug|x86 = Debug|x86
		Release|x64 = Release|x64
		Release|x86 = Release|x86
	EndGlobalSection
	GlobalSection(ProjectConfigurationPlatforms) = postSolution
		{1E330DFE-6062-4398-8D16-2004FD5BFF0B}.Debug|x64.ActiveCfg = Debug|x64
		{1E330DFE-6062-4398-8D16-2004FD5BFF0B}.Debug|x64.Build.0 = Debug|x64
		{1E330DFE-6062-4398-8D16-2004FD5BFF0B}.Debug|x86.ActiveCfg = Debug|Win32
		{1E330DFE-6062-4398-8D16-2004FD5BFF0B}.Debug|x86.Build.0 = Debug|Win32
		{1E330DFE-6062-4398-8D16-2004FD5BFF0B}.Release|x64.ActiveCfg = Release|x64
		{1E330DFE-6062-4398-8D16-2004FD5BFF0B}.Release|x64.Build.0 = Release|x64
		{1E330DFE-6062-4398-8D16-2004FD5BFF0B}.Release|x86.ActiveCfg = Release|Win32
		{1E330DFE-6062-4398-8D16-2004FD5BFF0B}.Release|x86.Build.0 = Release|Win32
		{38D62736-D3B7-4AE9-B963-972665C26316}.Debug|x64.ActiveCfg = Debug|x64
		{38D62736-D3B7-4AE9-B963-972665C26316}.Debug|x64.Build.0 = Debug|x64
		{38D62736-D3B7-4AE9-B963-972665C26316}.Debug|x86.ActiveCfg = Debug|Win32
		{38D62736-D3B7-4AE9-B963-972665C26316}.Debug|x86.Build.0 = Debug|Win32
		{38D62736-D3B7-4AE9-B963-972665C26316}.Release|x64.ActiveCfg = Release|x64
		{38D62736-D3B7-4AE9-B963-972665C26316}.Release|x64.Build.0 = Release|x64
		{38D62736-D3B7-4AE9-B963-972665C26316}.Release|x86.ActiveCfg = Release|Win32
		{38D62736-D3B7-4AE9-B963-972665C26316}.Release|x86.Build.0 = Release|Win32
		{DA1523BE-1086-4250-A97A-98E0451103D7}.Debug|x64.ActiveCfg = Debug|x64
		{DA1523BE-1086-4250-A97A-98E0451103D7}.Debug|x64.Build.0 = Debug|x64
		{DA1523BE-1086-4250-A97A-98E0451103D7}.Debug|x86.ActiveCfg = Debug|Win32
		{DA1523BE-1086-4250-A97A-98E0451103D7}.Debug|x86.Build.0 = Debug|Win32
		{DA1523BE-1086-4250-A97A-98E0451103D7}.Release|x64.ActiveCfg = Release|x64
		{DA1523BE-1086-4250-A97A-98E0451103D7}.Release|x64.Build.0 = Release|x64
		{DA1523BE-1086-4250-A97A-98E0451103D7}.Release|x86.ActiveCfg = Release|Win32
		{DA1523BE-1086-4250-A97A-98E0451103D7}.Release|x86.Build.0 = Release|Win32
		{74395B53-B0A8-48A9-9058-B39682CCF15A}.Debug|x64.ActiveCfg = Debug|x64
		{74395B53-B0A8-48A9-9058-B39682CCF15A}.Debug|x64.Build.0 = Debug|x64
		{74395B53-B0A8-48A9-9058-B39682CCF15A}.Debug|x86.ActiveCfg = Debug|Win32
		{74395B53-B0A8-48A9-9058-B39682CCF15A}.Debug|x86.Build.0 = Debug|Win32
		{74395B53-B0A8-48A9-9058-B39682CCF15A}.Release|x64.ActiveCfg = Release|x64
		{74395B53-B0A8-48A9-9058-B39682CCF15A}.Release|x64.Build.0 = Release|x64
		{74395B53-B0A8-48A9-9058-B39682CCF15A}.Release|x86.ActiveCfg = Release|Win32
		{74395B53-B0A8-48A9-9058-B39682CCF15A}.Release|x86.Build.0 = Release|Win32
		{B1B9CCDB-A273-45D9-8684-3C13E092601C}.Debug|x64.ActiveCfg = Debug|x64
		{B1B9CCDB-A273-45D9-8684-3C13E092601C}.Debug|x64.Build.0 = Debug|x64
		{B1B9CCDB-A273-45D9-8684-3C13E092601C}.Debug|x86.ActiveCfg = Debug|Win32
		{B1B9CCDB-A273-45D9-8684-3C13E092601C}.Debug|x86.Build.0 = Debug|Win32
		{B1B9CCDB-A273-45D9-8684-3C13E092601C}.Release|x64.ActiveCfg = Release|x64
		{B1B9CCDB-A273-45D9-8684-3C13E092601C}.Release|x64.Build.0 = Release|x64
		{B1B9CCDB-A273-45D9-8684-3C13E092601C}.Release|x86.ActiveCfg = Release|Win32
		{B1B9CCDB-A273-45D9-8684-3C13E092601C}.Release|x86.Build.0 = Release|Win32
		{49555C7A-A15A-4DFC-A065-E6BEAF480A72}.Debug|x64.ActiveCfg = Debug|x64
		{49555C7A-A15A-4DFC-A065-E6BEAF480A72}.Debug|x64.Build.0 = Debug|x64
		{49555C7A-A15A-4DFC-A065-E6BEAF480A72}.Debug|x86.ActiveCfg = Debug|Win32
		{49555C7A-A15A-4DFC-A065-E6BEAF480A72}.Debug|x86.Build.0 = Debug|Win32
		{49555C7A-A15A-4DFC-A065-E6BEAF480A72}.Release|x64.ActiveCfg = Release|x64
		{49555C7A-A15A-4DFC-A065-E6BEAF480A72}.Release|x64.Build.0 = Release|x64
		{49555C7A-A15A-4DFC-A065-E6BEAF480A72}.Release|x86.ActiveCfg = Release|Win32
		{49555C7A-A15A-4DFC-A065-E6BEAF480A72}.Release|x86.Build.0 = Release|Win32
		{F3D20B01-3637-47CD-B6E8-795D6135E1FC}.Debug|x64.ActiveCfg = Debug|x64
		{F3D20B01-3637-47CD-B6E8-795D6135E1FC}.Debug|x64.Build.0 = Debug|x64
		{F3D20B01-3637-47CD-B6E8-795D6135E1FC}.Debug|x86.ActiveCfg = Debug|Win32
		{F3D20B01-3637-47CD-B6E8-795D6135E1FC}.Debug|x86.Build.0 = Debug|Win32
		{F3D20B01-3637-47CD-B6E8-795D6135E1FC}.Release|x64.ActiveCfg = Release|x64
		{F3D20B01-3637-47CD-B6E8-795D6135E1FC}.Release|x64.Build.0 = Release|x64
		{F3D20B01-3637-47CD-B6E8-795D6135E1FC}.Release|x86.ActiveCfg = Release|Win32
		{F3D20B01-3637-47CD-B6E8-795D6135E1FC}.Release|x86.Build.0 = Release|Win32
		{3DC8BE4A-10A5-4D09-84B1-5E1ED975D51D}.Debug|x64.ActiveCfg = Debug|x64
		{3DC8BE4A-10A5-4D09-84B1-5E1ED975D51D}.Debug|x64.Build.0 = Debug|x64
		{3DC8BE4A-10A5-4D09-84B1-5E1ED975D51D}.Debug|x86.ActiveCfg = Debug|Win32
		{3DC8BE4A-10A5-4D09-84B1-5E1ED975D51D}.Debug|x86.Build.0 = Debug|Win32
		{3DC8BE4A-10A5-4D09-84B1-5E1ED975D51D}.Release|x64.ActiveCfg = Release|x64
		{3DC8BE4A-10A5-4D09-84B1-5E1ED975D51D}.Release|x64.Build.0 = Release|x64
		{3DC8BE4A-10A5-4D09-84B1-5E1ED975D51D}.Release|x86.ActiveCfg = Release|Win32
		{3DC8BE4A-10A5-4D09-84B1-5E1ED975D51D}.Release|x86.Build.0 = Release|Win32
		{882013B9-C1EA-4F53-BF32-D21E9DA94591}.Debug|x64.ActiveCfg = Debug|x64
		{882013B9-C1EA-4F53-BF32-D21E9DA94591}.Debug|x64.Build.0 = Debug|x64
		{882013B9-C1EA-4F53-BF32-D21E9DA94591}.Debug|x86.ActiveCfg = Debug|Win32
		{882013B9-C1EA-4F53-BF32-D21E9DA94591}.Debug|x86.Build.0 = Debug|Win32
		{882013B9-C1EA-4F53-BF32-D21E9DA94591}.Release|x64.ActiveCfg = Release|x64
		{882013B9-C1EA-4F53-BF32-D21E9DA94591}.Release|x64.Build.0 = Release|x64
		{882013B9-C1EA-4F53-BF32-D21E9DA94591}.Release|x86.ActiveCfg = Release|Win32
		{882013B9-C1EA-4F53-BF32-D21E9DA94591}.Release|x86.Build.0 = Release|Win32
		{C32811E5-EAD8-4FB0-929A-D791171D5DEC}.Debug|x64.ActiveCfg = Debug|x64
		{C32811E5-EAD8-4FB0-929A-D791171D5DEC}.Debug|x64.Build.0 = Debug|x64
		{C32811E5-EAD8-4FB0-929A-D791171D5DEC}.Debug|x86.ActiveCfg = Debug|Win32
		{C32811E5-EAD8-4FB0-929A-D791171D5DEC}.Debug|x86.Build.0 = Debug|Win32
		{C32811E5-EAD8-4FB0-929A-D791171D5DEC}.Release|x64.ActiveCfg = Release|x64
		{C32811E5-EAD8-4FB0-929A-D791171D5DEC}.Release|x64.Build.0 = Release|x64
		{C32811E5-EAD8-4FB0-929A-D791171D5DEC}.Release|x86.ActiveCfg = Release|Win32
		{C32811E5-EAD8-4FB0-929A-D791171D5DEC}.Release|x86.Build.0 = Release|Win32
		{AE91F0C2-2A9F-4D94-AFBE-3049C2514DEE}.Debug|x64.ActiveCfg = Debug|x64
		{AE91F0C2-2A9F-4D94-AFBE-3049C2514DEE}.Debug|x64.Build.0 = Debug|x64
		{AE91F0C2-2A9F-4D94-AFBE-3049C2514DEE}.Debug|x86.ActiveCfg = Debug|Win32
		{AE91F0C2-2A9F-4D94-AFBE-3049C2514DEE}.Debug|x86.Build.0 = Debug|Win32
		{AE91F0C2-2A9F-4D94-AFBE-3049C2514DEE}.Release|x64.ActiveCfg = Release|x64
		{AE91F0C2-2A9F-4D94-AFBE-3049C2514DEE}.Release|x64.Build.0 = Release|x64
		{AE91F0C2-2A9F-4D94-AFBE-3049C2514DEE}.Release|x86.ActiveCfg = Release|Win32
		{AE91F0C2-2A9F-4D94-AFBE-3049C2514DEE}.Release|x86.Build.0 = Release|Win32
		{5CCF5A07-C080-40DD-B6A8-D47D9ED53CA0}.Debug|x64.ActiveCfg = Debug|x64
		{5CCF5A07-C080-40DD-B6A8-D47D9ED53CA0}.Debug|x64.Build.0 = Debug|x64
		{5CCF5A07-C080-40DD-B6A8-D47D9ED53CA0}.Debug|x86.ActiveCfg = Debug|Win32
		{5CCF5A07-C080-40DD-B6A8-D47D9ED53CA0}.Debug|x86.Build.0 = Debug|Win32
		{5CCF5A07-C080-40DD-B6A8-D47D9ED53CA0}.Release|x64.ActiveCfg = Release|x64
		{5CCF5A07-C080-40DD-B6A8-D47D9ED53CA0}.Release|x64.Build.0 = Release|x64
		{5CCF5A07-C080-40DD-B6A8-D47D9ED53CA0}.Release|x86.ActiveCfg = Release|Win32
		{5CCF5A07-C080-40DD-B6A8-D47D9ED53CA0}.Release|x86.Build.0 = Release|Win32
	EndGlobalSection
	GlobalSection(SolutionProperties) = preSolution
		HideSolutionNode = FALSE
	EndGlobalSection
	GlobalSection(ExtensibilityGlobals) = postSolution
		SolutionGuid = {4BC5263B-21A2-4168-8C77-CBCA91D075CF}
	EndGlobalSection
EndGlobal
